
Microsoft Visual Studio Solution File, Format Version 12.00
# Visual Studio Version 17
VisualStudioVersion = 17.2.32516.85
MinimumVisualStudioVersion = 10.0.40219.1
Project("{FAE04EC0-301F-11D3-BF4B-00C04F79EFBC}") = "CSAA13092024P4", "CSAA13092024P4\CSAA13092024P4.csproj", "{56D65FB8-05EA-498E-AB76-ADFBB7149E1F}"
EndProject
Global
	GlobalSection(SolutionConfigurationPlatforms) = preSolution
		Debug|Any CPU = Debug|Any CPU
		Release|Any CPU = Release|Any CPU
	EndGlobalSection
	GlobalSection(ProjectConfigurationPlatforms) = postSolution
		{56D65FB8-05EA-498E-AB76-ADFBB7149E1F}.Debug|Any CPU.ActiveCfg = Debug|Any CPU
		{56D65FB8-05EA-498E-AB76-ADFBB7149E1F}.Debug|Any CPU.Build.0 = Debug|Any CPU
		{56D65FB8-05EA-498E-AB76-ADFBB7149E1F}.Release|Any CPU.ActiveCfg = Release|Any CPU
		{56D65FB8-05EA-498E-AB76-ADFBB7149E1F}.Release|Any CPU.Build.0 = Release|Any CPU
	EndGlobalSection
	GlobalSection(SolutionProperties) = preSolution
		HideSolutionNode = FALSE
	EndGlobalSection
	GlobalSection(ExtensibilityGlobals) = postSolution
		SolutionGuid = {B7E61299-2E96-440D-8F68-CE75A6FE0F52}
	EndGlobalSection
EndGlobal
